
Microsoft Visual Studio Solution File, Format Version 12.00
# Visual Studio Version 16
VisualStudioVersion = 16.0.31112.23
MinimumVisualStudioVersion = 10.0.40219.1
Project("{FAE04EC0-301F-11D3-BF4B-00C04F79EFBC}") = "DataStructureTB", "DataStructureTB\DataStructureTB.csproj", "{F9C42B7E-88D4-4974-BA0B-0F6D65FF66F2}"
EndProject
Global
	GlobalSection(SolutionConfigurationPlatforms) = preSolution
		Debug|Any CPU = Debug|Any CPU
		Release|Any CPU = Release|Any CPU
	EndGlobalSection
	GlobalSection(ProjectConfigurationPlatforms) = postSolution
		{F9C42B7E-88D4-4974-BA0B-0F6D65FF66F2}.Debug|Any CPU.ActiveCfg = Debug|Any CPU
		{F9C42B7E-88D4-4974-BA0B-0F6D65FF66F2}.Debug|Any CPU.Build.0 = Debug|Any CPU
		{F9C42B7E-88D4-4974-BA0B-0F6D65FF66F2}.Release|Any CPU.ActiveCfg = Release|Any CPU
		{F9C42B7E-88D4-4974-BA0B-0F6D65FF66F2}.Release|Any CPU.Build.0 = Release|Any CPU
	EndGlobalSection
	GlobalSection(SolutionProperties) = preSolution
		HideSolutionNode = FALSE
	EndGlobalSection
	GlobalSection(ExtensibilityGlobals) = postSolution
		SolutionGuid = {BECCD541-8927-4EA2-B593-CD8B1993CAAC}
	EndGlobalSection
EndGlobal
